
Microsoft Visual Studio Solution File, Format Version 12.00
# Visual Studio 2012
Project("{FAE04EC0-301F-11D3-BF4B-00C04F79EFBC}") = "xm-webview", "xm-webview\xm-webview.csproj", "{F97711F8-1C44-44C5-950D-97308B990291}"
EndProject
Project("{FAE04EC0-301F-11D3-BF4B-00C04F79EFBC}") = "xm-webview.Droid", "Droid\xm-webview.Droid.csproj", "{5342F0E2-778E-4A10-AD1E-1C0B7EBE4CB5}"
EndProject
Project("{FAE04EC0-301F-11D3-BF4B-00C04F79EFBC}") = "xm-webview.UITests", "UITests\xm-webview.UITests.csproj", "{0BD1448B-39DC-48FD-85BC-49E03C615AB2}"
EndProject
Global
	GlobalSection(SolutionConfigurationPlatforms) = preSolution
		Debug|Any CPU = Debug|Any CPU
		Release|Any CPU = Release|Any CPU
	EndGlobalSection
	GlobalSection(ProjectConfigurationPlatforms) = postSolution
		{0BD1448B-39DC-48FD-85BC-49E03C615AB2}.Debug|Any CPU.ActiveCfg = Debug|Any CPU
		{0BD1448B-39DC-48FD-85BC-49E03C615AB2}.Debug|Any CPU.Build.0 = Debug|Any CPU
		{0BD1448B-39DC-48FD-85BC-49E03C615AB2}.Release|Any CPU.ActiveCfg = Release|Any CPU
		{0BD1448B-39DC-48FD-85BC-49E03C615AB2}.Release|Any CPU.Build.0 = Release|Any CPU
		{5342F0E2-778E-4A10-AD1E-1C0B7EBE4CB5}.Debug|Any CPU.ActiveCfg = Debug|Any CPU
		{5342F0E2-778E-4A10-AD1E-1C0B7EBE4CB5}.Debug|Any CPU.Build.0 = Debug|Any CPU
		{5342F0E2-778E-4A10-AD1E-1C0B7EBE4CB5}.Release|Any CPU.ActiveCfg = Release|Any CPU
		{5342F0E2-778E-4A10-AD1E-1C0B7EBE4CB5}.Release|Any CPU.Build.0 = Release|Any CPU
		{F97711F8-1C44-44C5-950D-97308B990291}.Debug|Any CPU.ActiveCfg = Debug|Any CPU
		{F97711F8-1C44-44C5-950D-97308B990291}.Debug|Any CPU.Build.0 = Debug|Any CPU
		{F97711F8-1C44-44C5-950D-97308B990291}.Release|Any CPU.ActiveCfg = Release|Any CPU
		{F97711F8-1C44-44C5-950D-97308B990291}.Release|Any CPU.Build.0 = Release|Any CPU
	EndGlobalSection
EndGlobal
